
Microsoft Visual Studio Solution File, Format Version 12.00
# Visual Studio Version 16
VisualStudioVersion = 16.0.31729.503
MinimumVisualStudioVersion = 10.0.40219.1
Project("{FAE04EC0-301F-11D3-BF4B-00C04F79EFBC}") = "ServerConfigMtk-P2-061", "ServerConfigMtk-P2-061\ServerConfigMtk-P2-061.csproj", "{39D57CAA-D180-4E85-8D67-E2CAAD366A16}"
EndProject
Global
	GlobalSection(SolutionConfigurationPlatforms) = preSolution
		Debug|Any CPU = Debug|Any CPU
		Release|Any CPU = Release|Any CPU
	EndGlobalSection
	GlobalSection(ProjectConfigurationPlatforms) = postSolution
		{39D57CAA-D180-4E85-8D67-E2CAAD366A16}.Debug|Any CPU.ActiveCfg = Debug|Any CPU
		{39D57CAA-D180-4E85-8D67-E2CAAD366A16}.Debug|Any CPU.Build.0 = Debug|Any CPU
		{39D57CAA-D180-4E85-8D67-E2CAAD366A16}.Release|Any CPU.ActiveCfg = Release|Any CPU
		{39D57CAA-D180-4E85-8D67-E2CAAD366A16}.Release|Any CPU.Build.0 = Release|Any CPU
	EndGlobalSection
	GlobalSection(SolutionProperties) = preSolution
		HideSolutionNode = FALSE
	EndGlobalSection
	GlobalSection(ExtensibilityGlobals) = postSolution
		SolutionGuid = {B7AD0A9D-836B-48F0-BCC6-AF7506DAD678}
	EndGlobalSection
EndGlobal
